
Microsoft Visual Studio Solution File, Format Version 12.00
# Visual Studio Version 16
VisualStudioVersion = 16.0.31005.135
MinimumVisualStudioVersion = 10.0.40219.1
Project("{FAE04EC0-301F-11D3-BF4B-00C04F79EFBC}") = "FarmView", "Farm\FarmView.csproj", "{92108234-7807-4608-A426-CDE3A02FD03B}"
EndProject
Project("{FAE04EC0-301F-11D3-BF4B-00C04F79EFBC}") = "FarmModel", "FarmModel\FarmModel.csproj", "{B55CA7AE-511C-4D5E-9FC4-14F4189BCD14}"
EndProject
Global
	GlobalSection(SolutionConfigurationPlatforms) = preSolution
		Debug|Any CPU = Debug|Any CPU
		Release|Any CPU = Release|Any CPU
	EndGlobalSection
	GlobalSection(ProjectConfigurationPlatforms) = postSolution
		{92108234-7807-4608-A426-CDE3A02FD03B}.Debug|Any CPU.ActiveCfg = Debug|Any CPU
		{92108234-7807-4608-A426-CDE3A02FD03B}.Debug|Any CPU.Build.0 = Debug|Any CPU
		{92108234-7807-4608-A426-CDE3A02FD03B}.Release|Any CPU.ActiveCfg = Release|Any CPU
		{92108234-7807-4608-A426-CDE3A02FD03B}.Release|Any CPU.Build.0 = Release|Any CPU
		{B55CA7AE-511C-4D5E-9FC4-14F4189BCD14}.Debug|Any CPU.ActiveCfg = Debug|Any CPU
		{B55CA7AE-511C-4D5E-9FC4-14F4189BCD14}.Debug|Any CPU.Build.0 = Debug|Any CPU
		{B55CA7AE-511C-4D5E-9FC4-14F4189BCD14}.Release|Any CPU.ActiveCfg = Release|Any CPU
		{B55CA7AE-511C-4D5E-9FC4-14F4189BCD14}.Release|Any CPU.Build.0 = Release|Any CPU
	EndGlobalSection
	GlobalSection(SolutionProperties) = preSolution
		HideSolutionNode = FALSE
	EndGlobalSection
	GlobalSection(ExtensibilityGlobals) = postSolution
		SolutionGuid = {4269DF71-6FFD-4E1C-AB63-73F6907EC49C}
	EndGlobalSection
EndGlobal
